
Microsoft Visual Studio Solution File, Format Version 12.00
Project("{FAE04EC0-301F-11D3-BF4B-00C04F79EFBC}") = "EnvironmentSeedingExample", "EnvironmentSeedingExample\EnvironmentSeedingExample.csproj", "{D735D0CE-59FA-44D5-A2E1-2BF9692E6F1D}"
EndProject
Project("{FAE04EC0-301F-11D3-BF4B-00C04F79EFBC}") = "EnvironmentSeedingExample.Tests", "EnvironmentSeedingExample.Tests\EnvironmentSeedingExample.Tests.csproj", "{F564A16A-1BF4-4CDB-95AE-EA878FFD55E9}"
EndProject
Project("{2150E333-8FDC-42A3-9474-1A3956D46DE8}") = "Solution Items", "Solution Items", "{499E8E79-8B6A-4A18-BD9F-E226208F13DA}"
	ProjectSection(SolutionItems) = preProject
		README.md = README.md
		.gitignore = .gitignore
	EndProjectSection
EndProject
Global
	GlobalSection(SolutionConfigurationPlatforms) = preSolution
		Debug|Any CPU = Debug|Any CPU
		Release|Any CPU = Release|Any CPU
	EndGlobalSection
	GlobalSection(ProjectConfigurationPlatforms) = postSolution
		{D735D0CE-59FA-44D5-A2E1-2BF9692E6F1D}.Debug|Any CPU.ActiveCfg = Debug|Any CPU
		{D735D0CE-59FA-44D5-A2E1-2BF9692E6F1D}.Debug|Any CPU.Build.0 = Debug|Any CPU
		{D735D0CE-59FA-44D5-A2E1-2BF9692E6F1D}.Release|Any CPU.ActiveCfg = Release|Any CPU
		{D735D0CE-59FA-44D5-A2E1-2BF9692E6F1D}.Release|Any CPU.Build.0 = Release|Any CPU
		{F564A16A-1BF4-4CDB-95AE-EA878FFD55E9}.Debug|Any CPU.ActiveCfg = Debug|Any CPU
		{F564A16A-1BF4-4CDB-95AE-EA878FFD55E9}.Debug|Any CPU.Build.0 = Debug|Any CPU
		{F564A16A-1BF4-4CDB-95AE-EA878FFD55E9}.Release|Any CPU.ActiveCfg = Release|Any CPU
		{F564A16A-1BF4-4CDB-95AE-EA878FFD55E9}.Release|Any CPU.Build.0 = Release|Any CPU
	EndGlobalSection
EndGlobal
